
Microsoft Visual Studio Solution File, Format Version 12.00
# Visual Studio Version 17
VisualStudioVersion = 17.1.32421.90
MinimumVisualStudioVersion = 10.0.40219.1
Project("{FAE04EC0-301F-11D3-BF4B-00C04F79EFBC}") = "TohoLauncher", "TohoLauncher.csproj", "{73CA9825-3F04-4877-94C9-CD1E17C5BBC1}"
EndProject
Global
	GlobalSection(SolutionConfigurationPlatforms) = preSolution
		Debug|Any CPU = Debug|Any CPU
		Release|Any CPU = Release|Any CPU
	EndGlobalSection
	GlobalSection(ProjectConfigurationPlatforms) = postSolution
		{73CA9825-3F04-4877-94C9-CD1E17C5BBC1}.Debug|Any CPU.ActiveCfg = Debug|Any CPU
		{73CA9825-3F04-4877-94C9-CD1E17C5BBC1}.Debug|Any CPU.Build.0 = Debug|Any CPU
		{73CA9825-3F04-4877-94C9-CD1E17C5BBC1}.Release|Any CPU.ActiveCfg = Release|Any CPU
		{73CA9825-3F04-4877-94C9-CD1E17C5BBC1}.Release|Any CPU.Build.0 = Release|Any CPU
	EndGlobalSection
	GlobalSection(SolutionProperties) = preSolution
		HideSolutionNode = FALSE
	EndGlobalSection
	GlobalSection(ExtensibilityGlobals) = postSolution
		SolutionGuid = {627CBA4A-C33B-4057-A701-A3E6A471190D}
	EndGlobalSection
EndGlobal
